
Microsoft Visual Studio Solution File, Format Version 12.00
Project("{FAE04EC0-301F-11D3-BF4B-00C04F79EFBC}") = "CryptoCurrencies", "CryptoCurrencies\CryptoCurrencies.csproj", "{39452800-D797-4C61-ABD7-0C60BC3C42CA}"
EndProject
Global
	GlobalSection(SolutionConfigurationPlatforms) = preSolution
		Debug|Any CPU = Debug|Any CPU
		Release|Any CPU = Release|Any CPU
	EndGlobalSection
	GlobalSection(ProjectConfigurationPlatforms) = postSolution
		{39452800-D797-4C61-ABD7-0C60BC3C42CA}.Debug|Any CPU.ActiveCfg = Debug|Any CPU
		{39452800-D797-4C61-ABD7-0C60BC3C42CA}.Debug|Any CPU.Build.0 = Debug|Any CPU
		{39452800-D797-4C61-ABD7-0C60BC3C42CA}.Release|Any CPU.ActiveCfg = Release|Any CPU
		{39452800-D797-4C61-ABD7-0C60BC3C42CA}.Release|Any CPU.Build.0 = Release|Any CPU
	EndGlobalSection
EndGlobal
